
Microsoft Visual Studio Solution File, Format Version 12.00
# Visual Studio Version 16
VisualStudioVersion = 16.0.29709.97
MinimumVisualStudioVersion = 10.0.40219.1
Project("{FAE04EC0-301F-11D3-BF4B-00C04F79EFBC}") = "DatabaseAPI", "DatabaseAPI\DatabaseAPI.csproj", "{32F249E7-E231-4CAB-A6F0-F942DC8C83FF}"
EndProject
Global
	GlobalSection(SolutionConfigurationPlatforms) = preSolution
		Debug|Any CPU = Debug|Any CPU
		Release|Any CPU = Release|Any CPU
	EndGlobalSection
	GlobalSection(ProjectConfigurationPlatforms) = postSolution
		{32F249E7-E231-4CAB-A6F0-F942DC8C83FF}.Debug|Any CPU.ActiveCfg = Debug|Any CPU
		{32F249E7-E231-4CAB-A6F0-F942DC8C83FF}.Debug|Any CPU.Build.0 = Debug|Any CPU
		{32F249E7-E231-4CAB-A6F0-F942DC8C83FF}.Release|Any CPU.ActiveCfg = Release|Any CPU
		{32F249E7-E231-4CAB-A6F0-F942DC8C83FF}.Release|Any CPU.Build.0 = Release|Any CPU
	EndGlobalSection
	GlobalSection(SolutionProperties) = preSolution
		HideSolutionNode = FALSE
	EndGlobalSection
	GlobalSection(ExtensibilityGlobals) = postSolution
		SolutionGuid = {099D7C98-AFCC-4755-95EB-C21C8871C3B2}
	EndGlobalSection
EndGlobal
